// !$*UTF8*$!
{
	archiveVersion = 1;
	classes = {
	};
	objectVersion = 56;
	objects = {

/* Begin PBXBuildFile section */
		97259D582A3DB81700A4FAC7 /* Time.swift in Sources */ = {isa = PBXBuildFile; fileRef = 97259D572A3DB81700A4FAC7 /* Time.swift */; };
		973F3B192A461EAE00098742 /* SettingsViewModel.swift in Sources */ = {isa = PBXBuildFile; fileRef = 973F3B182A461EAE00098742 /* SettingsViewModel.swift */; };
		973F3B1C2A46272C00098742 /* DefaultKeys.swift in Sources */ = {isa = PBXBuildFile; fileRef = 973F3B1B2A46272C00098742 /* DefaultKeys.swift */; };
		9743441E2A40D26600C65E32 /* AnchorDatesState.swift in Sources */ = {isa = PBXBuildFile; fileRef = 9743441D2A40D26600C65E32 /* AnchorDatesState.swift */; };
		974344202A40D3B400C65E32 /* NewAnchorDateView.swift in Sources */ = {isa = PBXBuildFile; fileRef = 9743441F2A40D3B400C65E32 /* NewAnchorDateView.swift */; };
		974344222A40D40C00C65E32 /* AnchorDateUtils.swift in Sources */ = {isa = PBXBuildFile; fileRef = 974344212A40D40C00C65E32 /* AnchorDateUtils.swift */; };
		974344252A40F99400C65E32 /* AppViewModel.swift in Sources */ = {isa = PBXBuildFile; fileRef = 974344242A40F99400C65E32 /* AppViewModel.swift */; };
		974344272A40FFC200C65E32 /* TransactionsState.swift in Sources */ = {isa = PBXBuildFile; fileRef = 974344262A40FFC200C65E32 /* TransactionsState.swift */; };
		97467AA729FB186200573DBD /* MoneyAmount.swift in Sources */ = {isa = PBXBuildFile; fileRef = 97467AA629FB186200573DBD /* MoneyAmount.swift */; };
		97467AA929FB187200573DBD /* AnchorDate.swift in Sources */ = {isa = PBXBuildFile; fileRef = 97467AA829FB187200573DBD /* AnchorDate.swift */; };
		97467AAB29FB188900573DBD /* Transaction.swift in Sources */ = {isa = PBXBuildFile; fileRef = 97467AAA29FB188900573DBD /* Transaction.swift */; };
		97467AAD29FB18FD00573DBD /* SpendCategory.swift in Sources */ = {isa = PBXBuildFile; fileRef = 97467AAC29FB18FD00573DBD /* SpendCategory.swift */; };
		97467AAF29FB191C00573DBD /* SpendType.swift in Sources */ = {isa = PBXBuildFile; fileRef = 97467AAE29FB191C00573DBD /* SpendType.swift */; };
		97467AB129FB193800573DBD /* Currency.swift in Sources */ = {isa = PBXBuildFile; fileRef = 97467AB029FB193800573DBD /* Currency.swift */; };
		97467AB329FB195900573DBD /* AppSettings.swift in Sources */ = {isa = PBXBuildFile; fileRef = 97467AB229FB195900573DBD /* AppSettings.swift */; };
		97467AB529FB197000573DBD /* CurrencyRate.swift in Sources */ = {isa = PBXBuildFile; fileRef = 97467AB429FB197000573DBD /* CurrencyRate.swift */; };
		974793942A3D055B004DE91E /* Spending.swift in Sources */ = {isa = PBXBuildFile; fileRef = 974793932A3D055B004DE91E /* Spending.swift */; };
		97542F8C2A485372007DAEC4 /* CurrencyRatesState.swift in Sources */ = {isa = PBXBuildFile; fileRef = 97542F8B2A485372007DAEC4 /* CurrencyRatesState.swift */; };
		97542F8F2A485679007DAEC4 /* CurrencyRatesView.swift in Sources */ = {isa = PBXBuildFile; fileRef = 97542F8E2A485679007DAEC4 /* CurrencyRatesView.swift */; };
		97542F912A485685007DAEC4 /* CurrencyRateCardView.swift in Sources */ = {isa = PBXBuildFile; fileRef = 97542F902A485685007DAEC4 /* CurrencyRateCardView.swift */; };
		97634CCA2A37AFBB0096EE1F /* SpendCategoriesSettingsView.swift in Sources */ = {isa = PBXBuildFile; fileRef = 97634CC92A37AFBB0096EE1F /* SpendCategoriesSettingsView.swift */; };
		97634CCC2A37B89D0096EE1F /* TransactionCardView.swift in Sources */ = {isa = PBXBuildFile; fileRef = 97634CCB2A37B89D0096EE1F /* TransactionCardView.swift */; };
		97732FB629F5282E00D5C2DE /* ProfitocracyApp.swift in Sources */ = {isa = PBXBuildFile; fileRef = 97732FB529F5282E00D5C2DE /* ProfitocracyApp.swift */; };
		97732FB829F5282E00D5C2DE /* ContentView.swift in Sources */ = {isa = PBXBuildFile; fileRef = 97732FB729F5282E00D5C2DE /* ContentView.swift */; };
		97732FBA29F5282F00D5C2DE /* Assets.xcassets in Resources */ = {isa = PBXBuildFile; fileRef = 97732FB929F5282F00D5C2DE /* Assets.xcassets */; };
		97732FC729F5282F00D5C2DE /* ProfitocracyTests.swift in Sources */ = {isa = PBXBuildFile; fileRef = 97732FC629F5282F00D5C2DE /* ProfitocracyTests.swift */; };
		97732FD129F5282F00D5C2DE /* ProfitocracyUITests.swift in Sources */ = {isa = PBXBuildFile; fileRef = 97732FD029F5282F00D5C2DE /* ProfitocracyUITests.swift */; };
		97732FD329F5282F00D5C2DE /* ProfitocracyUITestsLaunchTests.swift in Sources */ = {isa = PBXBuildFile; fileRef = 97732FD229F5282F00D5C2DE /* ProfitocracyUITestsLaunchTests.swift */; };
		9786BC2E2A44DBF40026043F /* HomeViewModel.swift in Sources */ = {isa = PBXBuildFile; fileRef = 9786BC2D2A44DBF40026043F /* HomeViewModel.swift */; };
		9786BC312A44E6BB0026043F /* TransactionsViewModel.swift in Sources */ = {isa = PBXBuildFile; fileRef = 9786BC302A44E6BB0026043F /* TransactionsViewModel.swift */; };
		9786BC332A44EE0C0026043F /* TransactionsGroupView.swift in Sources */ = {isa = PBXBuildFile; fileRef = 9786BC322A44EE0C0026043F /* TransactionsGroupView.swift */; };
		9786BC352A44EE200026043F /* TransactionsGroup.swift in Sources */ = {isa = PBXBuildFile; fileRef = 9786BC342A44EE200026043F /* TransactionsGroup.swift */; };
		97BA33E52A487C41000C9D72 /* CurrencyService.swift in Sources */ = {isa = PBXBuildFile; fileRef = 97BA33E42A487C41000C9D72 /* CurrencyService.swift */; };
		97CDDE982A3F1E6800EADFCC /* CategorySpending.swift in Sources */ = {isa = PBXBuildFile; fileRef = 97CDDE972A3F1E6800EADFCC /* CategorySpending.swift */; };
		97CDDE9A2A3F303F00EADFCC /* PlannedBalance.swift in Sources */ = {isa = PBXBuildFile; fileRef = 97CDDE992A3F303F00EADFCC /* PlannedBalance.swift */; };
		97CDDE9D2A3F324F00EADFCC /* HomePreview.swift in Sources */ = {isa = PBXBuildFile; fileRef = 97CDDE9C2A3F324F00EADFCC /* HomePreview.swift */; };
		97CDDEA42A3F33C100EADFCC /* TotalBalanceCardPreview.swift in Sources */ = {isa = PBXBuildFile; fileRef = 97CDDEA32A3F33C100EADFCC /* TotalBalanceCardPreview.swift */; };
		97CDDEA62A3F340A00EADFCC /* CashCardPreview.swift in Sources */ = {isa = PBXBuildFile; fileRef = 97CDDEA52A3F340A00EADFCC /* CashCardPreview.swift */; };
		97CDDEA82A3F344900EADFCC /* AddTransactionPreview.swift in Sources */ = {isa = PBXBuildFile; fileRef = 97CDDEA72A3F344900EADFCC /* AddTransactionPreview.swift */; };
		97CDDEAA2A3F34A200EADFCC /* SettingsPreview.swift in Sources */ = {isa = PBXBuildFile; fileRef = 97CDDEA92A3F34A200EADFCC /* SettingsPreview.swift */; };
		97CDDEAC2A3F34DE00EADFCC /* SpendCategoriesSettingsPreview.swift in Sources */ = {isa = PBXBuildFile; fileRef = 97CDDEAB2A3F34DE00EADFCC /* SpendCategoriesSettingsPreview.swift */; };
		97CDDEAE2A3F350400EADFCC /* AnchorDatesSettingsPreview.swift in Sources */ = {isa = PBXBuildFile; fileRef = 97CDDEAD2A3F350400EADFCC /* AnchorDatesSettingsPreview.swift */; };
		97CDDEB02A3F361200EADFCC /* TransactionCardPreview.swift in Sources */ = {isa = PBXBuildFile; fileRef = 97CDDEAF2A3F361200EADFCC /* TransactionCardPreview.swift */; };
		97CDDEB22A3F367500EADFCC /* TransactionsPreview.swift in Sources */ = {isa = PBXBuildFile; fileRef = 97CDDEB12A3F367500EADFCC /* TransactionsPreview.swift */; };
		97CDDEB42A3F36A200EADFCC /* SetupPreview.swift in Sources */ = {isa = PBXBuildFile; fileRef = 97CDDEB32A3F36A200EADFCC /* SetupPreview.swift */; };
		97CDDEB62A3F5F5500EADFCC /* .gitignore in Resources */ = {isa = PBXBuildFile; fileRef = 97CDDEB52A3F5F5500EADFCC /* .gitignore */; };
		97CDDEB82A3F5FEA00EADFCC /* SpendCategoryCard.swift in Sources */ = {isa = PBXBuildFile; fileRef = 97CDDEB72A3F5FEA00EADFCC /* SpendCategoryCard.swift */; };
		97CDDEBB2A3F6D6700EADFCC /* SpendCategoryEditView.swift in Sources */ = {isa = PBXBuildFile; fileRef = 97CDDEBA2A3F6D6700EADFCC /* SpendCategoryEditView.swift */; };
		97FC99112A38ECA300E45782 /* AnchorDatesSettingsView.swift in Sources */ = {isa = PBXBuildFile; fileRef = 97FC99102A38ECA300E45782 /* AnchorDatesSettingsView.swift */; };
		97FC99132A38EFA600E45782 /* TransactionType.swift in Sources */ = {isa = PBXBuildFile; fileRef = 97FC99122A38EFA600E45782 /* TransactionType.swift */; };
		97FC99152A39008000E45782 /* Theme.swift in Sources */ = {isa = PBXBuildFile; fileRef = 97FC99142A39008000E45782 /* Theme.swift */; };
		97FCA2E42A377FBF002451B7 /* HomeView.swift in Sources */ = {isa = PBXBuildFile; fileRef = 97FCA2E32A377FBF002451B7 /* HomeView.swift */; };
		97FCA2E62A377FD0002451B7 /* AddTransactionView.swift in Sources */ = {isa = PBXBuildFile; fileRef = 97FCA2E52A377FD0002451B7 /* AddTransactionView.swift */; };
		97FCA2E92A377FF2002451B7 /* SettingsView.swift in Sources */ = {isa = PBXBuildFile; fileRef = 97FCA2E82A377FF2002451B7 /* SettingsView.swift */; };
		97FCA2EC2A378025002451B7 /* TransactionsView.swift in Sources */ = {isa = PBXBuildFile; fileRef = 97FCA2EB2A378025002451B7 /* TransactionsView.swift */; };
		97FCA2EF2A3780AB002451B7 /* TotalBalanceCardView.swift in Sources */ = {isa = PBXBuildFile; fileRef = 97FCA2EE2A3780AB002451B7 /* TotalBalanceCardView.swift */; };
		97FCA2F22A3789C2002451B7 /* CashCardView.swift in Sources */ = {isa = PBXBuildFile; fileRef = 97FCA2F12A3789C2002451B7 /* CashCardView.swift */; };
		97FCA2FD2A379377002451B7 /* NumberUtils.swift in Sources */ = {isa = PBXBuildFile; fileRef = 97FCA2FC2A379377002451B7 /* NumberUtils.swift */; };
		97FCFBEA2A3E5B70005678B6 /* SetupView.swift in Sources */ = {isa = PBXBuildFile; fileRef = 97FCFBE92A3E5B70005678B6 /* SetupView.swift */; };
/* End PBXBuildFile section */

/* Begin PBXContainerItemProxy section */
		97732FC329F5282F00D5C2DE /* PBXContainerItemProxy */ = {
			isa = PBXContainerItemProxy;
			containerPortal = 97732FAA29F5282E00D5C2DE /* Project object */;
			proxyType = 1;
			remoteGlobalIDString = 97732FB129F5282E00D5C2DE;
			remoteInfo = Profitocracy;
		};
		97732FCD29F5282F00D5C2DE /* PBXContainerItemProxy */ = {
			isa = PBXContainerItemProxy;
			containerPortal = 97732FAA29F5282E00D5C2DE /* Project object */;
			proxyType = 1;
			remoteGlobalIDString = 97732FB129F5282E00D5C2DE;
			remoteInfo = Profitocracy;
		};
/* End PBXContainerItemProxy section */

/* Begin PBXFileReference section */
		97259D572A3DB81700A4FAC7 /* Time.swift */ = {isa = PBXFileReference; lastKnownFileType = sourcecode.swift; path = Time.swift; sourceTree = "<group>"; };
		973F3B182A461EAE00098742 /* SettingsViewModel.swift */ = {isa = PBXFileReference; lastKnownFileType = sourcecode.swift; path = SettingsViewModel.swift; sourceTree = "<group>"; };
		973F3B1B2A46272C00098742 /* DefaultKeys.swift */ = {isa = PBXFileReference; lastKnownFileType = sourcecode.swift; path = DefaultKeys.swift; sourceTree = "<group>"; };
		9743441D2A40D26600C65E32 /* AnchorDatesState.swift */ = {isa = PBXFileReference; lastKnownFileType = sourcecode.swift; path = AnchorDatesState.swift; sourceTree = "<group>"; };
		9743441F2A40D3B400C65E32 /* NewAnchorDateView.swift */ = {isa = PBXFileReference; lastKnownFileType = sourcecode.swift; path = NewAnchorDateView.swift; sourceTree = "<group>"; };
		974344212A40D40C00C65E32 /* AnchorDateUtils.swift */ = {isa = PBXFileReference; lastKnownFileType = sourcecode.swift; path = AnchorDateUtils.swift; sourceTree = "<group>"; };
		974344242A40F99400C65E32 /* AppViewModel.swift */ = {isa = PBXFileReference; lastKnownFileType = sourcecode.swift; path = AppViewModel.swift; sourceTree = "<group>"; };
		974344262A40FFC200C65E32 /* TransactionsState.swift */ = {isa = PBXFileReference; lastKnownFileType = sourcecode.swift; path = TransactionsState.swift; sourceTree = "<group>"; };
		97467AA629FB186200573DBD /* MoneyAmount.swift */ = {isa = PBXFileReference; lastKnownFileType = sourcecode.swift; path = MoneyAmount.swift; sourceTree = "<group>"; };
		97467AA829FB187200573DBD /* AnchorDate.swift */ = {isa = PBXFileReference; lastKnownFileType = sourcecode.swift; path = AnchorDate.swift; sourceTree = "<group>"; };
		97467AAA29FB188900573DBD /* Transaction.swift */ = {isa = PBXFileReference; lastKnownFileType = sourcecode.swift; path = Transaction.swift; sourceTree = "<group>"; };
		97467AAC29FB18FD00573DBD /* SpendCategory.swift */ = {isa = PBXFileReference; lastKnownFileType = sourcecode.swift; path = SpendCategory.swift; sourceTree = "<group>"; };
		97467AAE29FB191C00573DBD /* SpendType.swift */ = {isa = PBXFileReference; lastKnownFileType = sourcecode.swift; path = SpendType.swift; sourceTree = "<group>"; };
		97467AB029FB193800573DBD /* Currency.swift */ = {isa = PBXFileReference; lastKnownFileType = sourcecode.swift; path = Currency.swift; sourceTree = "<group>"; };
		97467AB229FB195900573DBD /* AppSettings.swift */ = {isa = PBXFileReference; lastKnownFileType = sourcecode.swift; path = AppSettings.swift; sourceTree = "<group>"; };
		97467AB429FB197000573DBD /* CurrencyRate.swift */ = {isa = PBXFileReference; lastKnownFileType = sourcecode.swift; path = CurrencyRate.swift; sourceTree = "<group>"; };
		97467AB829FB214800573DBD /* Info.plist */ = {isa = PBXFileReference; lastKnownFileType = text.plist; path = Info.plist; sourceTree = "<group>"; };
		974793932A3D055B004DE91E /* Spending.swift */ = {isa = PBXFileReference; lastKnownFileType = sourcecode.swift; path = Spending.swift; sourceTree = "<group>"; };
		97542F8B2A485372007DAEC4 /* CurrencyRatesState.swift */ = {isa = PBXFileReference; lastKnownFileType = sourcecode.swift; path = CurrencyRatesState.swift; sourceTree = "<group>"; };
		97542F8E2A485679007DAEC4 /* CurrencyRatesView.swift */ = {isa = PBXFileReference; lastKnownFileType = sourcecode.swift; path = CurrencyRatesView.swift; sourceTree = "<group>"; };
		97542F902A485685007DAEC4 /* CurrencyRateCardView.swift */ = {isa = PBXFileReference; lastKnownFileType = sourcecode.swift; path = CurrencyRateCardView.swift; sourceTree = "<group>"; };
		97634CC92A37AFBB0096EE1F /* SpendCategoriesSettingsView.swift */ = {isa = PBXFileReference; lastKnownFileType = sourcecode.swift; path = SpendCategoriesSettingsView.swift; sourceTree = "<group>"; };
		97634CCB2A37B89D0096EE1F /* TransactionCardView.swift */ = {isa = PBXFileReference; lastKnownFileType = sourcecode.swift; path = TransactionCardView.swift; sourceTree = "<group>"; };
		97732FB229F5282E00D5C2DE /* Profitocracy.app */ = {isa = PBXFileReference; explicitFileType = wrapper.application; includeInIndex = 0; path = Profitocracy.app; sourceTree = BUILT_PRODUCTS_DIR; };
		97732FB529F5282E00D5C2DE /* ProfitocracyApp.swift */ = {isa = PBXFileReference; lastKnownFileType = sourcecode.swift; path = ProfitocracyApp.swift; sourceTree = "<group>"; };
		97732FB729F5282E00D5C2DE /* ContentView.swift */ = {isa = PBXFileReference; lastKnownFileType = sourcecode.swift; path = ContentView.swift; sourceTree = "<group>"; };
		97732FB929F5282F00D5C2DE /* Assets.xcassets */ = {isa = PBXFileReference; lastKnownFileType = folder.assetcatalog; path = Assets.xcassets; sourceTree = "<group>"; };
		97732FC229F5282F00D5C2DE /* ProfitocracyTests.xctest */ = {isa = PBXFileReference; explicitFileType = wrapper.cfbundle; includeInIndex = 0; path = ProfitocracyTests.xctest; sourceTree = BUILT_PRODUCTS_DIR; };
		97732FC629F5282F00D5C2DE /* ProfitocracyTests.swift */ = {isa = PBXFileReference; lastKnownFileType = sourcecode.swift; path = ProfitocracyTests.swift; sourceTree = "<group>"; };
		97732FCC29F5282F00D5C2DE /* ProfitocracyUITests.xctest */ = {isa = PBXFileReference; explicitFileType = wrapper.cfbundle; includeInIndex = 0; path = ProfitocracyUITests.xctest; sourceTree = BUILT_PRODUCTS_DIR; };
		97732FD029F5282F00D5C2DE /* ProfitocracyUITests.swift */ = {isa = PBXFileReference; lastKnownFileType = sourcecode.swift; path = ProfitocracyUITests.swift; sourceTree = "<group>"; };
		97732FD229F5282F00D5C2DE /* ProfitocracyUITestsLaunchTests.swift */ = {isa = PBXFileReference; lastKnownFileType = sourcecode.swift; path = ProfitocracyUITestsLaunchTests.swift; sourceTree = "<group>"; };
		9786BC2D2A44DBF40026043F /* HomeViewModel.swift */ = {isa = PBXFileReference; lastKnownFileType = sourcecode.swift; path = HomeViewModel.swift; sourceTree = "<group>"; };
		9786BC302A44E6BB0026043F /* TransactionsViewModel.swift */ = {isa = PBXFileReference; lastKnownFileType = sourcecode.swift; path = TransactionsViewModel.swift; sourceTree = "<group>"; };
		9786BC322A44EE0C0026043F /* TransactionsGroupView.swift */ = {isa = PBXFileReference; lastKnownFileType = sourcecode.swift; path = TransactionsGroupView.swift; sourceTree = "<group>"; };
		9786BC342A44EE200026043F /* TransactionsGroup.swift */ = {isa = PBXFileReference; lastKnownFileType = sourcecode.swift; path = TransactionsGroup.swift; sourceTree = "<group>"; };
		97BA33E42A487C41000C9D72 /* CurrencyService.swift */ = {isa = PBXFileReference; lastKnownFileType = sourcecode.swift; path = CurrencyService.swift; sourceTree = "<group>"; };
		97CDDE972A3F1E6800EADFCC /* CategorySpending.swift */ = {isa = PBXFileReference; lastKnownFileType = sourcecode.swift; path = CategorySpending.swift; sourceTree = "<group>"; };
		97CDDE992A3F303F00EADFCC /* PlannedBalance.swift */ = {isa = PBXFileReference; lastKnownFileType = sourcecode.swift; path = PlannedBalance.swift; sourceTree = "<group>"; };
		97CDDE9C2A3F324F00EADFCC /* HomePreview.swift */ = {isa = PBXFileReference; lastKnownFileType = sourcecode.swift; path = HomePreview.swift; sourceTree = "<group>"; };
		97CDDEA32A3F33C100EADFCC /* TotalBalanceCardPreview.swift */ = {isa = PBXFileReference; lastKnownFileType = sourcecode.swift; path = TotalBalanceCardPreview.swift; sourceTree = "<group>"; };
		97CDDEA52A3F340A00EADFCC /* CashCardPreview.swift */ = {isa = PBXFileReference; lastKnownFileType = sourcecode.swift; path = CashCardPreview.swift; sourceTree = "<group>"; };
		97CDDEA72A3F344900EADFCC /* AddTransactionPreview.swift */ = {isa = PBXFileReference; lastKnownFileType = sourcecode.swift; path = AddTransactionPreview.swift; sourceTree = "<group>"; };
		97CDDEA92A3F34A200EADFCC /* SettingsPreview.swift */ = {isa = PBXFileReference; lastKnownFileType = sourcecode.swift; path = SettingsPreview.swift; sourceTree = "<group>"; };
		97CDDEAB2A3F34DE00EADFCC /* SpendCategoriesSettingsPreview.swift */ = {isa = PBXFileReference; lastKnownFileType = sourcecode.swift; path = SpendCategoriesSettingsPreview.swift; sourceTree = "<group>"; };
		97CDDEAD2A3F350400EADFCC /* AnchorDatesSettingsPreview.swift */ = {isa = PBXFileReference; lastKnownFileType = sourcecode.swift; path = AnchorDatesSettingsPreview.swift; sourceTree = "<group>"; };
		97CDDEAF2A3F361200EADFCC /* TransactionCardPreview.swift */ = {isa = PBXFileReference; lastKnownFileType = sourcecode.swift; path = TransactionCardPreview.swift; sourceTree = "<group>"; };
		97CDDEB12A3F367500EADFCC /* TransactionsPreview.swift */ = {isa = PBXFileReference; lastKnownFileType = sourcecode.swift; path = TransactionsPreview.swift; sourceTree = "<group>"; };
		97CDDEB32A3F36A200EADFCC /* SetupPreview.swift */ = {isa = PBXFileReference; lastKnownFileType = sourcecode.swift; path = SetupPreview.swift; sourceTree = "<group>"; };
		97CDDEB52A3F5F5500EADFCC /* .gitignore */ = {isa = PBXFileReference; lastKnownFileType = text; path = .gitignore; sourceTree = "<group>"; };
		97CDDEB72A3F5FEA00EADFCC /* SpendCategoryCard.swift */ = {isa = PBXFileReference; lastKnownFileType = sourcecode.swift; path = SpendCategoryCard.swift; sourceTree = "<group>"; };
		97CDDEBA2A3F6D6700EADFCC /* SpendCategoryEditView.swift */ = {isa = PBXFileReference; lastKnownFileType = sourcecode.swift; path = SpendCategoryEditView.swift; sourceTree = "<group>"; };
		97FC99102A38ECA300E45782 /* AnchorDatesSettingsView.swift */ = {isa = PBXFileReference; lastKnownFileType = sourcecode.swift; path = AnchorDatesSettingsView.swift; sourceTree = "<group>"; };
		97FC99122A38EFA600E45782 /* TransactionType.swift */ = {isa = PBXFileReference; lastKnownFileType = sourcecode.swift; path = TransactionType.swift; sourceTree = "<group>"; };
		97FC99142A39008000E45782 /* Theme.swift */ = {isa = PBXFileReference; lastKnownFileType = sourcecode.swift; path = Theme.swift; sourceTree = "<group>"; };
		97FCA2E32A377FBF002451B7 /* HomeView.swift */ = {isa = PBXFileReference; lastKnownFileType = sourcecode.swift; path = HomeView.swift; sourceTree = "<group>"; };
		97FCA2E52A377FD0002451B7 /* AddTransactionView.swift */ = {isa = PBXFileReference; lastKnownFileType = sourcecode.swift; path = AddTransactionView.swift; sourceTree = "<group>"; };
		97FCA2E82A377FF2002451B7 /* SettingsView.swift */ = {isa = PBXFileReference; lastKnownFileType = sourcecode.swift; path = SettingsView.swift; sourceTree = "<group>"; };
		97FCA2EB2A378025002451B7 /* TransactionsView.swift */ = {isa = PBXFileReference; lastKnownFileType = sourcecode.swift; path = TransactionsView.swift; sourceTree = "<group>"; };
		97FCA2EE2A3780AB002451B7 /* TotalBalanceCardView.swift */ = {isa = PBXFileReference; lastKnownFileType = sourcecode.swift; path = TotalBalanceCardView.swift; sourceTree = "<group>"; };
		97FCA2F12A3789C2002451B7 /* CashCardView.swift */ = {isa = PBXFileReference; lastKnownFileType = sourcecode.swift; path = CashCardView.swift; sourceTree = "<group>"; };
		97FCA2FC2A379377002451B7 /* NumberUtils.swift */ = {isa = PBXFileReference; lastKnownFileType = sourcecode.swift; path = NumberUtils.swift; sourceTree = "<group>"; };
		97FCFBE92A3E5B70005678B6 /* SetupView.swift */ = {isa = PBXFileReference; lastKnownFileType = sourcecode.swift; path = SetupView.swift; sourceTree = "<group>"; };
/* End PBXFileReference section */

/* Begin PBXFrameworksBuildPhase section */
		97732FAF29F5282E00D5C2DE /* Frameworks */ = {
			isa = PBXFrameworksBuildPhase;
			buildActionMask = 2147483647;
			files = (
			);
			runOnlyForDeploymentPostprocessing = 0;
		};
		97732FBF29F5282F00D5C2DE /* Frameworks */ = {
			isa = PBXFrameworksBuildPhase;
			buildActionMask = 2147483647;
			files = (
			);
			runOnlyForDeploymentPostprocessing = 0;
		};
		97732FC929F5282F00D5C2DE /* Frameworks */ = {
			isa = PBXFrameworksBuildPhase;
			buildActionMask = 2147483647;
			files = (
			);
			runOnlyForDeploymentPostprocessing = 0;
		};
/* End PBXFrameworksBuildPhase section */

/* Begin PBXGroup section */
		97259D542A3DB7FB00A4FAC7 /* Common */ = {
			isa = PBXGroup;
			children = (
				97259D572A3DB81700A4FAC7 /* Time.swift */,
			);
			path = Common;
			sourceTree = "<group>";
		};
		973F3B172A461E9D00098742 /* Settings */ = {
			isa = PBXGroup;
			children = (
				973F3B182A461EAE00098742 /* SettingsViewModel.swift */,
			);
			path = Settings;
			sourceTree = "<group>";
		};
		973F3B1A2A46271400098742 /* Persistence */ = {
			isa = PBXGroup;
			children = (
				973F3B1B2A46272C00098742 /* DefaultKeys.swift */,
			);
			path = Persistence;
			sourceTree = "<group>";
		};
		9743441C2A40D25500C65E32 /* AppState */ = {
			isa = PBXGroup;
			children = (
				9743441D2A40D26600C65E32 /* AnchorDatesState.swift */,
				974344262A40FFC200C65E32 /* TransactionsState.swift */,
				97542F8B2A485372007DAEC4 /* CurrencyRatesState.swift */,
			);
			path = AppState;
			sourceTree = "<group>";
		};
		974344232A40F98200C65E32 /* ViewModels */ = {
			isa = PBXGroup;
			children = (
				973F3B172A461E9D00098742 /* Settings */,
				9786BC2F2A44E6AD0026043F /* Transactions */,
				9786BC2C2A44DBE00026043F /* Home */,
				974344242A40F99400C65E32 /* AppViewModel.swift */,
			);
			path = ViewModels;
			sourceTree = "<group>";
		};
		97467AA529FB181400573DBD /* Models */ = {
			isa = PBXGroup;
			children = (
				973F3B1A2A46271400098742 /* Persistence */,
				9743441C2A40D25500C65E32 /* AppState */,
				97CDDE962A3F1E4A00EADFCC /* Special */,
				97259D542A3DB7FB00A4FAC7 /* Common */,
				97FCA2F52A3790B0002451B7 /* Domain */,
			);
			path = Models;
			sourceTree = "<group>";
		};
		974793902A3D04A4004DE91E /* Entities */ = {
			isa = PBXGroup;
			children = (
				97467AB429FB197000573DBD /* CurrencyRate.swift */,
				97467AB029FB193800573DBD /* Currency.swift */,
				97467AAC29FB18FD00573DBD /* SpendCategory.swift */,
				97467AAA29FB188900573DBD /* Transaction.swift */,
				97467AA829FB187200573DBD /* AnchorDate.swift */,
			);
			path = Entities;
			sourceTree = "<group>";
		};
		974793912A3D04B4004DE91E /* Enums */ = {
			isa = PBXGroup;
			children = (
				97FC99142A39008000E45782 /* Theme.swift */,
				97FC99122A38EFA600E45782 /* TransactionType.swift */,
				97467AAE29FB191C00573DBD /* SpendType.swift */,
			);
			path = Enums;
			sourceTree = "<group>";
		};
		974793922A3D04BF004DE91E /* ValueObjects */ = {
			isa = PBXGroup;
			children = (
				97467AB229FB195900573DBD /* AppSettings.swift */,
				97467AA629FB186200573DBD /* MoneyAmount.swift */,
				974793932A3D055B004DE91E /* Spending.swift */,
			);
			path = ValueObjects;
			sourceTree = "<group>";
		};
		97542F8D2A485662007DAEC4 /* CurrencyRates */ = {
			isa = PBXGroup;
			children = (
				97542F8E2A485679007DAEC4 /* CurrencyRatesView.swift */,
				97542F902A485685007DAEC4 /* CurrencyRateCardView.swift */,
			);
			path = CurrencyRates;
			sourceTree = "<group>";
		};
		97634CC62A37AF920096EE1F /* SettingsViews */ = {
			isa = PBXGroup;
			children = (
				97CDDEB92A3F6D2A00EADFCC /* SpendCategories */,
				97FC99102A38ECA300E45782 /* AnchorDatesSettingsView.swift */,
			);
			path = SettingsViews;
			sourceTree = "<group>";
		};
		97732FA929F5282E00D5C2DE = {
			isa = PBXGroup;
			children = (
				97CDDEB52A3F5F5500EADFCC /* .gitignore */,
				97732FB429F5282E00D5C2DE /* Profitocracy */,
				97732FC529F5282F00D5C2DE /* ProfitocracyTests */,
				97732FCF29F5282F00D5C2DE /* ProfitocracyUITests */,
				97732FB329F5282E00D5C2DE /* Products */,
			);
			sourceTree = "<group>";
		};
		97732FB329F5282E00D5C2DE /* Products */ = {
			isa = PBXGroup;
			children = (
				97732FB229F5282E00D5C2DE /* Profitocracy.app */,
				97732FC229F5282F00D5C2DE /* ProfitocracyTests.xctest */,
				97732FCC29F5282F00D5C2DE /* ProfitocracyUITests.xctest */,
			);
			name = Products;
			sourceTree = "<group>";
		};
		97732FB429F5282E00D5C2DE /* Profitocracy */ = {
			isa = PBXGroup;
			children = (
				97BA33E32A487C34000C9D72 /* Services */,
				974344232A40F98200C65E32 /* ViewModels */,
				97CDDE9B2A3F321900EADFCC /* Previews */,
				97FCA2FB2A379365002451B7 /* Utils */,
				97FCA2E22A377F96002451B7 /* Views */,
				97467AB829FB214800573DBD /* Info.plist */,
				97467AA529FB181400573DBD /* Models */,
				97732FB529F5282E00D5C2DE /* ProfitocracyApp.swift */,
				97732FB729F5282E00D5C2DE /* ContentView.swift */,
				97732FB929F5282F00D5C2DE /* Assets.xcassets */,
			);
			path = Profitocracy;
			sourceTree = "<group>";
		};
		97732FC529F5282F00D5C2DE /* ProfitocracyTests */ = {
			isa = PBXGroup;
			children = (
				97732FC629F5282F00D5C2DE /* ProfitocracyTests.swift */,
			);
			path = ProfitocracyTests;
			sourceTree = "<group>";
		};
		97732FCF29F5282F00D5C2DE /* ProfitocracyUITests */ = {
			isa = PBXGroup;
			children = (
				97732FD029F5282F00D5C2DE /* ProfitocracyUITests.swift */,
				97732FD229F5282F00D5C2DE /* ProfitocracyUITestsLaunchTests.swift */,
			);
			path = ProfitocracyUITests;
			sourceTree = "<group>";
		};
		9786BC2C2A44DBE00026043F /* Home */ = {
			isa = PBXGroup;
			children = (
				9786BC2D2A44DBF40026043F /* HomeViewModel.swift */,
			);
			path = Home;
			sourceTree = "<group>";
		};
		9786BC2F2A44E6AD0026043F /* Transactions */ = {
			isa = PBXGroup;
			children = (
				9786BC302A44E6BB0026043F /* TransactionsViewModel.swift */,
			);
			path = Transactions;
			sourceTree = "<group>";
		};
		97BA33E32A487C34000C9D72 /* Services */ = {
			isa = PBXGroup;
			children = (
				97BA33E42A487C41000C9D72 /* CurrencyService.swift */,
			);
			path = Services;
			sourceTree = "<group>";
		};
		97CDDE962A3F1E4A00EADFCC /* Special */ = {
			isa = PBXGroup;
			children = (
				97CDDE972A3F1E6800EADFCC /* CategorySpending.swift */,
				97CDDE992A3F303F00EADFCC /* PlannedBalance.swift */,
				9786BC342A44EE200026043F /* TransactionsGroup.swift */,
			);
			path = Special;
			sourceTree = "<group>";
		};
		97CDDE9B2A3F321900EADFCC /* Previews */ = {
			isa = PBXGroup;
			children = (
				97CDDEA22A3F339800EADFCC /* Setup */,
				97CDDEA12A3F338B00EADFCC /* Transactions */,
				97CDDEA02A3F338000EADFCC /* Settings */,
				97CDDE9F2A3F328600EADFCC /* AddTransaction */,
				97CDDE9E2A3F327C00EADFCC /* Home */,
			);
			path = Previews;
			sourceTree = "<group>";
		};
		97CDDE9E2A3F327C00EADFCC /* Home */ = {
			isa = PBXGroup;
			children = (
				97CDDE9C2A3F324F00EADFCC /* HomePreview.swift */,
				97CDDEA32A3F33C100EADFCC /* TotalBalanceCardPreview.swift */,
				97CDDEA52A3F340A00EADFCC /* CashCardPreview.swift */,
			);
			path = Home;
			sourceTree = "<group>";
		};
		97CDDE9F2A3F328600EADFCC /* AddTransaction */ = {
			isa = PBXGroup;
			children = (
				97CDDEA72A3F344900EADFCC /* AddTransactionPreview.swift */,
			);
			path = AddTransaction;
			sourceTree = "<group>";
		};
		97CDDEA02A3F338000EADFCC /* Settings */ = {
			isa = PBXGroup;
			children = (
				97CDDEA92A3F34A200EADFCC /* SettingsPreview.swift */,
				97CDDEAB2A3F34DE00EADFCC /* SpendCategoriesSettingsPreview.swift */,
				97CDDEAD2A3F350400EADFCC /* AnchorDatesSettingsPreview.swift */,
			);
			path = Settings;
			sourceTree = "<group>";
		};
		97CDDEA12A3F338B00EADFCC /* Transactions */ = {
			isa = PBXGroup;
			children = (
				97CDDEAF2A3F361200EADFCC /* TransactionCardPreview.swift */,
				97CDDEB12A3F367500EADFCC /* TransactionsPreview.swift */,
			);
			path = Transactions;
			sourceTree = "<group>";
		};
		97CDDEA22A3F339800EADFCC /* Setup */ = {
			isa = PBXGroup;
			children = (
				97CDDEB32A3F36A200EADFCC /* SetupPreview.swift */,
			);
			path = Setup;
			sourceTree = "<group>";
		};
		97CDDEB92A3F6D2A00EADFCC /* SpendCategories */ = {
			isa = PBXGroup;
			children = (
				97634CC92A37AFBB0096EE1F /* SpendCategoriesSettingsView.swift */,
				97CDDEB72A3F5FEA00EADFCC /* SpendCategoryCard.swift */,
				97CDDEBA2A3F6D6700EADFCC /* SpendCategoryEditView.swift */,
			);
			path = SpendCategories;
			sourceTree = "<group>";
		};
		97FCA2E02A377F63002451B7 /* Home */ = {
			isa = PBXGroup;
			children = (
				97FCA2F02A378908002451B7 /* CashCards */,
				97FCA2E32A377FBF002451B7 /* HomeView.swift */,
			);
			path = Home;
			sourceTree = "<group>";
		};
		97FCA2E12A377F85002451B7 /* AddTransaction */ = {
			isa = PBXGroup;
			children = (
				97FCA2E52A377FD0002451B7 /* AddTransactionView.swift */,
			);
			path = AddTransaction;
			sourceTree = "<group>";
		};
		97FCA2E22A377F96002451B7 /* Views */ = {
			isa = PBXGroup;
			children = (
				97542F8D2A485662007DAEC4 /* CurrencyRates */,
				97FCFBE82A3E5B5C005678B6 /* Setup */,
				97FCA2EA2A378007002451B7 /* Transactions */,
				97FCA2E72A377FE6002451B7 /* Settings */,
				97FCA2E12A377F85002451B7 /* AddTransaction */,
				97FCA2E02A377F63002451B7 /* Home */,
			);
			path = Views;
			sourceTree = "<group>";
		};
		97FCA2E72A377FE6002451B7 /* Settings */ = {
			isa = PBXGroup;
			children = (
				97634CC62A37AF920096EE1F /* SettingsViews */,
				97FCA2E82A377FF2002451B7 /* SettingsView.swift */,
			);
			path = Settings;
			sourceTree = "<group>";
		};
		97FCA2EA2A378007002451B7 /* Transactions */ = {
			isa = PBXGroup;
			children = (
				97634CCB2A37B89D0096EE1F /* TransactionCardView.swift */,
				97FCA2EB2A378025002451B7 /* TransactionsView.swift */,
				9786BC322A44EE0C0026043F /* TransactionsGroupView.swift */,
			);
			path = Transactions;
			sourceTree = "<group>";
		};
		97FCA2F02A378908002451B7 /* CashCards */ = {
			isa = PBXGroup;
			children = (
				97FCA2EE2A3780AB002451B7 /* TotalBalanceCardView.swift */,
				97FCA2F12A3789C2002451B7 /* CashCardView.swift */,
			);
			path = CashCards;
			sourceTree = "<group>";
		};
		97FCA2F52A3790B0002451B7 /* Domain */ = {
			isa = PBXGroup;
			children = (
				974793922A3D04BF004DE91E /* ValueObjects */,
				974793912A3D04B4004DE91E /* Enums */,
				974793902A3D04A4004DE91E /* Entities */,
			);
			path = Domain;
			sourceTree = "<group>";
		};
		97FCA2FB2A379365002451B7 /* Utils */ = {
			isa = PBXGroup;
			children = (
				97FCA2FC2A379377002451B7 /* NumberUtils.swift */,
				974344212A40D40C00C65E32 /* AnchorDateUtils.swift */,
			);
			path = Utils;
			sourceTree = "<group>";
		};
		97FCFBE82A3E5B5C005678B6 /* Setup */ = {
			isa = PBXGroup;
			children = (
				97FCFBE92A3E5B70005678B6 /* SetupView.swift */,
				9743441F2A40D3B400C65E32 /* NewAnchorDateView.swift */,
			);
			path = Setup;
			sourceTree = "<group>";
		};
/* End PBXGroup section */

/* Begin PBXNativeTarget section */
		97732FB129F5282E00D5C2DE /* Profitocracy */ = {
			isa = PBXNativeTarget;
			buildConfigurationList = 97732FD629F5282F00D5C2DE /* Build configuration list for PBXNativeTarget "Profitocracy" */;
			buildPhases = (
				97732FAE29F5282E00D5C2DE /* Sources */,
				97732FAF29F5282E00D5C2DE /* Frameworks */,
				97732FB029F5282E00D5C2DE /* Resources */,
			);
			buildRules = (
			);
			dependencies = (
			);
			name = Profitocracy;
			productName = Profitocracy;
			productReference = 97732FB229F5282E00D5C2DE /* Profitocracy.app */;
			productType = "com.apple.product-type.application";
		};
		97732FC129F5282F00D5C2DE /* ProfitocracyTests */ = {
			isa = PBXNativeTarget;
			buildConfigurationList = 97732FD929F5282F00D5C2DE /* Build configuration list for PBXNativeTarget "ProfitocracyTests" */;
			buildPhases = (
				97732FBE29F5282F00D5C2DE /* Sources */,
				97732FBF29F5282F00D5C2DE /* Frameworks */,
				97732FC029F5282F00D5C2DE /* Resources */,
			);
			buildRules = (
			);
			dependencies = (
				97732FC429F5282F00D5C2DE /* PBXTargetDependency */,
			);
			name = ProfitocracyTests;
			productName = ProfitocracyTests;
			productReference = 97732FC229F5282F00D5C2DE /* ProfitocracyTests.xctest */;
			productType = "com.apple.product-type.bundle.unit-test";
		};
		97732FCB29F5282F00D5C2DE /* ProfitocracyUITests */ = {
			isa = PBXNativeTarget;
			buildConfigurationList = 97732FDC29F5282F00D5C2DE /* Build configuration list for PBXNativeTarget "ProfitocracyUITests" */;
			buildPhases = (
				97732FC829F5282F00D5C2DE /* Sources */,
				97732FC929F5282F00D5C2DE /* Frameworks */,
				97732FCA29F5282F00D5C2DE /* Resources */,
			);
			buildRules = (
			);
			dependencies = (
				97732FCE29F5282F00D5C2DE /* PBXTargetDependency */,
			);
			name = ProfitocracyUITests;
			productName = ProfitocracyUITests;
			productReference = 97732FCC29F5282F00D5C2DE /* ProfitocracyUITests.xctest */;
			productType = "com.apple.product-type.bundle.ui-testing";
		};
/* End PBXNativeTarget section */

/* Begin PBXProject section */
		97732FAA29F5282E00D5C2DE /* Project object */ = {
			isa = PBXProject;
			attributes = {
				BuildIndependentTargetsInParallel = 1;
				LastSwiftUpdateCheck = 1430;
				LastUpgradeCheck = 1430;
				TargetAttributes = {
					97732FB129F5282E00D5C2DE = {
						CreatedOnToolsVersion = 14.3;
					};
					97732FC129F5282F00D5C2DE = {
						CreatedOnToolsVersion = 14.3;
						TestTargetID = 97732FB129F5282E00D5C2DE;
					};
					97732FCB29F5282F00D5C2DE = {
						CreatedOnToolsVersion = 14.3;
						TestTargetID = 97732FB129F5282E00D5C2DE;
					};
				};
			};
			buildConfigurationList = 97732FAD29F5282E00D5C2DE /* Build configuration list for PBXProject "Profitocracy" */;
			compatibilityVersion = "Xcode 14.0";
			developmentRegion = en;
			hasScannedForEncodings = 0;
			knownRegions = (
				en,
				Base,
			);
			mainGroup = 97732FA929F5282E00D5C2DE;
			productRefGroup = 97732FB329F5282E00D5C2DE /* Products */;
			projectDirPath = "";
			projectRoot = "";
			targets = (
				97732FB129F5282E00D5C2DE /* Profitocracy */,
				97732FC129F5282F00D5C2DE /* ProfitocracyTests */,
				97732FCB29F5282F00D5C2DE /* ProfitocracyUITests */,
			);
		};
/* End PBXProject section */

/* Begin PBXResourcesBuildPhase section */
		97732FB029F5282E00D5C2DE /* Resources */ = {
			isa = PBXResourcesBuildPhase;
			buildActionMask = 2147483647;
			files = (
				97CDDEB62A3F5F5500EADFCC /* .gitignore in Resources */,
				97732FBA29F5282F00D5C2DE /* Assets.xcassets in Resources */,
			);
			runOnlyForDeploymentPostprocessing = 0;
		};
		97732FC029F5282F00D5C2DE /* Resources */ = {
			isa = PBXResourcesBuildPhase;
			buildActionMask = 2147483647;
			files = (
			);
			runOnlyForDeploymentPostprocessing = 0;
		};
		97732FCA29F5282F00D5C2DE /* Resources */ = {
			isa = PBXResourcesBuildPhase;
			buildActionMask = 2147483647;
			files = (
			);
			runOnlyForDeploymentPostprocessing = 0;
		};
/* End PBXResourcesBuildPhase section */

/* Begin PBXSourcesBuildPhase section */
		97732FAE29F5282E00D5C2DE /* Sources */ = {
			isa = PBXSourcesBuildPhase;
			buildActionMask = 2147483647;
			files = (
				97CDDE9A2A3F303F00EADFCC /* PlannedBalance.swift in Sources */,
				97FCA2FD2A379377002451B7 /* NumberUtils.swift in Sources */,
				97FCA2EC2A378025002451B7 /* TransactionsView.swift in Sources */,
				97CDDEB22A3F367500EADFCC /* TransactionsPreview.swift in Sources */,
				97CDDEAC2A3F34DE00EADFCC /* SpendCategoriesSettingsPreview.swift in Sources */,
				9786BC332A44EE0C0026043F /* TransactionsGroupView.swift in Sources */,
				97FCA2F22A3789C2002451B7 /* CashCardView.swift in Sources */,
				9743441E2A40D26600C65E32 /* AnchorDatesState.swift in Sources */,
				97634CCC2A37B89D0096EE1F /* TransactionCardView.swift in Sources */,
				97FCA2EF2A3780AB002451B7 /* TotalBalanceCardView.swift in Sources */,
				97CDDE9D2A3F324F00EADFCC /* HomePreview.swift in Sources */,
				97CDDEB02A3F361200EADFCC /* TransactionCardPreview.swift in Sources */,
				97467AA929FB187200573DBD /* AnchorDate.swift in Sources */,
				97732FB829F5282E00D5C2DE /* ContentView.swift in Sources */,
				97467AA729FB186200573DBD /* MoneyAmount.swift in Sources */,
				97542F8F2A485679007DAEC4 /* CurrencyRatesView.swift in Sources */,
				97FCFBEA2A3E5B70005678B6 /* SetupView.swift in Sources */,
				97CDDEA62A3F340A00EADFCC /* CashCardPreview.swift in Sources */,
				974793942A3D055B004DE91E /* Spending.swift in Sources */,
				97CDDEAE2A3F350400EADFCC /* AnchorDatesSettingsPreview.swift in Sources */,
				974344222A40D40C00C65E32 /* AnchorDateUtils.swift in Sources */,
				973F3B1C2A46272C00098742 /* DefaultKeys.swift in Sources */,
				97732FB629F5282E00D5C2DE /* ProfitocracyApp.swift in Sources */,
				97467AB529FB197000573DBD /* CurrencyRate.swift in Sources */,
				97FCA2E42A377FBF002451B7 /* HomeView.swift in Sources */,
				97259D582A3DB81700A4FAC7 /* Time.swift in Sources */,
				9786BC352A44EE200026043F /* TransactionsGroup.swift in Sources */,
				97542F8C2A485372007DAEC4 /* CurrencyRatesState.swift in Sources */,
				97467AAD29FB18FD00573DBD /* SpendCategory.swift in Sources */,
				974344272A40FFC200C65E32 /* TransactionsState.swift in Sources */,
				973F3B192A461EAE00098742 /* SettingsViewModel.swift in Sources */,
				97CDDEA42A3F33C100EADFCC /* TotalBalanceCardPreview.swift in Sources */,
				97467AB329FB195900573DBD /* AppSettings.swift in Sources */,
				974344252A40F99400C65E32 /* AppViewModel.swift in Sources */,
				9786BC2E2A44DBF40026043F /* HomeViewModel.swift in Sources */,
				97467AAF29FB191C00573DBD /* SpendType.swift in Sources */,
				974344202A40D3B400C65E32 /* NewAnchorDateView.swift in Sources */,
				97CDDEBB2A3F6D6700EADFCC /* SpendCategoryEditView.swift in Sources */,
				97BA33E52A487C41000C9D72 /* CurrencyService.swift in Sources */,
				97CDDEA82A3F344900EADFCC /* AddTransactionPreview.swift in Sources */,
				97FC99112A38ECA300E45782 /* AnchorDatesSettingsView.swift in Sources */,
				97FC99152A39008000E45782 /* Theme.swift in Sources */,
				97FCA2E62A377FD0002451B7 /* AddTransactionView.swift in Sources */,
				97CDDEAA2A3F34A200EADFCC /* SettingsPreview.swift in Sources */,
				97467AB129FB193800573DBD /* Currency.swift in Sources */,
				97CDDEB42A3F36A200EADFCC /* SetupPreview.swift in Sources */,
				9786BC312A44E6BB0026043F /* TransactionsViewModel.swift in Sources */,
				97467AAB29FB188900573DBD /* Transaction.swift in Sources */,
				97542F912A485685007DAEC4 /* CurrencyRateCardView.swift in Sources */,
				97FCA2E92A377FF2002451B7 /* SettingsView.swift in Sources */,
				97FC99132A38EFA600E45782 /* TransactionType.swift in Sources */,
				97CDDE982A3F1E6800EADFCC /* CategorySpending.swift in Sources */,
				97CDDEB82A3F5FEA00EADFCC /* SpendCategoryCard.swift in Sources */,
				97634CCA2A37AFBB0096EE1F /* SpendCategoriesSettingsView.swift in Sources */,
			);
			runOnlyForDeploymentPostprocessing = 0;
		};
		97732FBE29F5282F00D5C2DE /* Sources */ = {
			isa = PBXSourcesBuildPhase;
			buildActionMask = 2147483647;
			files = (
				97732FC729F5282F00D5C2DE /* ProfitocracyTests.swift in Sources */,
			);
			runOnlyForDeploymentPostprocessing = 0;
		};
		97732FC829F5282F00D5C2DE /* Sources */ = {
			isa = PBXSourcesBuildPhase;
			buildActionMask = 2147483647;
			files = (
				97732FD129F5282F00D5C2DE /* ProfitocracyUITests.swift in Sources */,
				97732FD329F5282F00D5C2DE /* ProfitocracyUITestsLaunchTests.swift in Sources */,
			);
			runOnlyForDeploymentPostprocessing = 0;
		};
/* End PBXSourcesBuildPhase section */

/* Begin PBXTargetDependency section */
		97732FC429F5282F00D5C2DE /* PBXTargetDependency */ = {
			isa = PBXTargetDependency;
			target = 97732FB129F5282E00D5C2DE /* Profitocracy */;
			targetProxy = 97732FC329F5282F00D5C2DE /* PBXContainerItemProxy */;
		};
		97732FCE29F5282F00D5C2DE /* PBXTargetDependency */ = {
			isa = PBXTargetDependency;
			target = 97732FB129F5282E00D5C2DE /* Profitocracy */;
			targetProxy = 97732FCD29F5282F00D5C2DE /* PBXContainerItemProxy */;
		};
/* End PBXTargetDependency section */

/* Begin XCBuildConfiguration section */
		97732FD429F5282F00D5C2DE /* Debug */ = {
			isa = XCBuildConfiguration;
			buildSettings = {
				ALWAYS_SEARCH_USER_PATHS = NO;
				CLANG_ANALYZER_NONNULL = YES;
				CLANG_ANALYZER_NUMBER_OBJECT_CONVERSION = YES_AGGRESSIVE;
				CLANG_CXX_LANGUAGE_STANDARD = "gnu++20";
				CLANG_ENABLE_MODULES = YES;
				CLANG_ENABLE_OBJC_ARC = YES;
				CLANG_ENABLE_OBJC_WEAK = YES;
				CLANG_WARN_BLOCK_CAPTURE_AUTORELEASING = YES;
				CLANG_WARN_BOOL_CONVERSION = YES;
				CLANG_WARN_COMMA = YES;
				CLANG_WARN_CONSTANT_CONVERSION = YES;
				CLANG_WARN_DEPRECATED_OBJC_IMPLEMENTATIONS = YES;
				CLANG_WARN_DIRECT_OBJC_ISA_USAGE = YES_ERROR;
				CLANG_WARN_DOCUMENTATION_COMMENTS = YES;
				CLANG_WARN_EMPTY_BODY = YES;
				CLANG_WARN_ENUM_CONVERSION = YES;
				CLANG_WARN_INFINITE_RECURSION = YES;
				CLANG_WARN_INT_CONVERSION = YES;
				CLANG_WARN_NON_LITERAL_NULL_CONVERSION = YES;
				CLANG_WARN_OBJC_IMPLICIT_RETAIN_SELF = YES;
				CLANG_WARN_OBJC_LITERAL_CONVERSION = YES;
				CLANG_WARN_OBJC_ROOT_CLASS = YES_ERROR;
				CLANG_WARN_QUOTED_INCLUDE_IN_FRAMEWORK_HEADER = YES;
				CLANG_WARN_RANGE_LOOP_ANALYSIS = YES;
				CLANG_WARN_STRICT_PROTOTYPES = YES;
				CLANG_WARN_SUSPICIOUS_MOVE = YES;
				CLANG_WARN_UNGUARDED_AVAILABILITY = YES_AGGRESSIVE;
				CLANG_WARN_UNREACHABLE_CODE = YES;
				CLANG_WARN__DUPLICATE_METHOD_MATCH = YES;
				COPY_PHASE_STRIP = NO;
				DEBUG_INFORMATION_FORMAT = dwarf;
				ENABLE_STRICT_OBJC_MSGSEND = YES;
				ENABLE_TESTABILITY = YES;
				GCC_C_LANGUAGE_STANDARD = gnu11;
				GCC_DYNAMIC_NO_PIC = NO;
				GCC_NO_COMMON_BLOCKS = YES;
				GCC_OPTIMIZATION_LEVEL = 0;
				GCC_PREPROCESSOR_DEFINITIONS = (
					"DEBUG=1",
					"$(inherited)",
				);
				GCC_WARN_64_TO_32_BIT_CONVERSION = YES;
				GCC_WARN_ABOUT_RETURN_TYPE = YES_ERROR;
				GCC_WARN_UNDECLARED_SELECTOR = YES;
				GCC_WARN_UNINITIALIZED_AUTOS = YES_AGGRESSIVE;
				GCC_WARN_UNUSED_FUNCTION = YES;
				GCC_WARN_UNUSED_VARIABLE = YES;
				IPHONEOS_DEPLOYMENT_TARGET = 16.4;
				MTL_ENABLE_DEBUG_INFO = INCLUDE_SOURCE;
				MTL_FAST_MATH = YES;
				ONLY_ACTIVE_ARCH = YES;
				SDKROOT = iphoneos;
				SWIFT_ACTIVE_COMPILATION_CONDITIONS = DEBUG;
				SWIFT_OPTIMIZATION_LEVEL = "-Onone";
			};
			name = Debug;
		};
		97732FD529F5282F00D5C2DE /* Release */ = {
			isa = XCBuildConfiguration;
			buildSettings = {
				ALWAYS_SEARCH_USER_PATHS = NO;
				CLANG_ANALYZER_NONNULL = YES;
				CLANG_ANALYZER_NUMBER_OBJECT_CONVERSION = YES_AGGRESSIVE;
				CLANG_CXX_LANGUAGE_STANDARD = "gnu++20";
				CLANG_ENABLE_MODULES = YES;
				CLANG_ENABLE_OBJC_ARC = YES;
				CLANG_ENABLE_OBJC_WEAK = YES;
				CLANG_WARN_BLOCK_CAPTURE_AUTORELEASING = YES;
				CLANG_WARN_BOOL_CONVERSION = YES;
				CLANG_WARN_COMMA = YES;
				CLANG_WARN_CONSTANT_CONVERSION = YES;
				CLANG_WARN_DEPRECATED_OBJC_IMPLEMENTATIONS = YES;
				CLANG_WARN_DIRECT_OBJC_ISA_USAGE = YES_ERROR;
				CLANG_WARN_DOCUMENTATION_COMMENTS = YES;
				CLANG_WARN_EMPTY_BODY = YES;
				CLANG_WARN_ENUM_CONVERSION = YES;
				CLANG_WARN_INFINITE_RECURSION = YES;
				CLANG_WARN_INT_CONVERSION = YES;
				CLANG_WARN_NON_LITERAL_NULL_CONVERSION = YES;
				CLANG_WARN_OBJC_IMPLICIT_RETAIN_SELF = YES;
				CLANG_WARN_OBJC_LITERAL_CONVERSION = YES;
				CLANG_WARN_OBJC_ROOT_CLASS = YES_ERROR;
				CLANG_WARN_QUOTED_INCLUDE_IN_FRAMEWORK_HEADER = YES;
				CLANG_WARN_RANGE_LOOP_ANALYSIS = YES;
				CLANG_WARN_STRICT_PROTOTYPES = YES;
				CLANG_WARN_SUSPICIOUS_MOVE = YES;
				CLANG_WARN_UNGUARDED_AVAILABILITY = YES_AGGRESSIVE;
				CLANG_WARN_UNREACHABLE_CODE = YES;
				CLANG_WARN__DUPLICATE_METHOD_MATCH = YES;
				COPY_PHASE_STRIP = NO;
				DEBUG_INFORMATION_FORMAT = "dwarf-with-dsym";
				ENABLE_NS_ASSERTIONS = NO;
				ENABLE_STRICT_OBJC_MSGSEND = YES;
				GCC_C_LANGUAGE_STANDARD = gnu11;
				GCC_NO_COMMON_BLOCKS = YES;
				GCC_WARN_64_TO_32_BIT_CONVERSION = YES;
				GCC_WARN_ABOUT_RETURN_TYPE = YES_ERROR;
				GCC_WARN_UNDECLARED_SELECTOR = YES;
				GCC_WARN_UNINITIALIZED_AUTOS = YES_AGGRESSIVE;
				GCC_WARN_UNUSED_FUNCTION = YES;
				GCC_WARN_UNUSED_VARIABLE = YES;
				IPHONEOS_DEPLOYMENT_TARGET = 16.4;
				MTL_ENABLE_DEBUG_INFO = NO;
				MTL_FAST_MATH = YES;
				SDKROOT = iphoneos;
				SWIFT_COMPILATION_MODE = wholemodule;
				SWIFT_OPTIMIZATION_LEVEL = "-O";
				VALIDATE_PRODUCT = YES;
			};
			name = Release;
		};
		97732FD729F5282F00D5C2DE /* Debug */ = {
			isa = XCBuildConfiguration;
			buildSettings = {
				ASSETCATALOG_COMPILER_APPICON_NAME = AppIcon;
				ASSETCATALOG_COMPILER_GLOBAL_ACCENT_COLOR_NAME = AccentColor;
				CODE_SIGN_IDENTITY = "Apple Development";
				CODE_SIGN_STYLE = Automatic;
				CURRENT_PROJECT_VERSION = 1;
				DEVELOPMENT_ASSET_PATHS = "\"Profitocracy/Preview Content\"";
				DEVELOPMENT_TEAM = LLQT5AQ7W2;
				ENABLE_PREVIEWS = YES;
				GENERATE_INFOPLIST_FILE = YES;
				INFOPLIST_FILE = Profitocracy/Info.plist;
				INFOPLIST_KEY_CFBundleDisplayName = Profitocracy;
				INFOPLIST_KEY_LSApplicationCategoryType = "public.app-category.finance";
				INFOPLIST_KEY_UIApplicationSceneManifest_Generation = YES;
				INFOPLIST_KEY_UIApplicationSupportsIndirectInputEvents = YES;
				INFOPLIST_KEY_UISupportedInterfaceOrientations = UIInterfaceOrientationPortrait;
				INFOPLIST_KEY_UISupportedInterfaceOrientations_iPad = "UIInterfaceOrientationLandscapeLeft UIInterfaceOrientationLandscapeRight UIInterfaceOrientationPortrait UIInterfaceOrientationPortraitUpsideDown";
				IPHONEOS_DEPLOYMENT_TARGET = 16.0;
				LD_RUNPATH_SEARCH_PATHS = (
					"$(inherited)",
					"@executable_path/Frameworks",
				);
				MARKETING_VERSION = 1.0;
				PRODUCT_BUNDLE_IDENTIFIER = com.krawmire.Profitocracy;
				PRODUCT_NAME = "$(TARGET_NAME)";
				PROVISIONING_PROFILE_SPECIFIER = "";
				SWIFT_EMIT_LOC_STRINGS = YES;
				SWIFT_VERSION = 5.0;
				TARGETED_DEVICE_FAMILY = "1,2";
			};
			name = Debug;
		};
		97732FD829F5282F00D5C2DE /* Release */ = {
			isa = XCBuildConfiguration;
			buildSettings = {
				ASSETCATALOG_COMPILER_APPICON_NAME = AppIcon;
				ASSETCATALOG_COMPILER_GLOBAL_ACCENT_COLOR_NAME = AccentColor;
				CODE_SIGN_IDENTITY = "Apple Development";
				CODE_SIGN_STYLE = Automatic;
				CURRENT_PROJECT_VERSION = 1;
				DEVELOPMENT_ASSET_PATHS = "\"Profitocracy/Preview Content\"";
				DEVELOPMENT_TEAM = LLQT5AQ7W2;
				ENABLE_PREVIEWS = YES;
				GENERATE_INFOPLIST_FILE = YES;
				INFOPLIST_FILE = Profitocracy/Info.plist;
				INFOPLIST_KEY_CFBundleDisplayName = Profitocracy;
				INFOPLIST_KEY_LSApplicationCategoryType = "public.app-category.finance";
				INFOPLIST_KEY_UIApplicationSceneManifest_Generation = YES;
				INFOPLIST_KEY_UIApplicationSupportsIndirectInputEvents = YES;
				INFOPLIST_KEY_UISupportedInterfaceOrientations = UIInterfaceOrientationPortrait;
				INFOPLIST_KEY_UISupportedInterfaceOrientations_iPad = "UIInterfaceOrientationLandscapeLeft UIInterfaceOrientationLandscapeRight UIInterfaceOrientationPortrait UIInterfaceOrientationPortraitUpsideDown";
				IPHONEOS_DEPLOYMENT_TARGET = 16.0;
				LD_RUNPATH_SEARCH_PATHS = (
					"$(inherited)",
					"@executable_path/Frameworks",
				);
				MARKETING_VERSION = 1.0;
				PRODUCT_BUNDLE_IDENTIFIER = com.krawmire.Profitocracy;
				PRODUCT_NAME = "$(TARGET_NAME)";
				PROVISIONING_PROFILE_SPECIFIER = "";
				SWIFT_EMIT_LOC_STRINGS = YES;
				SWIFT_VERSION = 5.0;
				TARGETED_DEVICE_FAMILY = "1,2";
			};
			name = Release;
		};
		97732FDA29F5282F00D5C2DE /* Debug */ = {
			isa = XCBuildConfiguration;
			buildSettings = {
				ALWAYS_EMBED_SWIFT_STANDARD_LIBRARIES = YES;
				BUNDLE_LOADER = "$(TEST_HOST)";
				CODE_SIGN_STYLE = Automatic;
				CURRENT_PROJECT_VERSION = 1;
				DEVELOPMENT_TEAM = LLQT5AQ7W2;
				GENERATE_INFOPLIST_FILE = YES;
				IPHONEOS_DEPLOYMENT_TARGET = 16.4;
				MARKETING_VERSION = 1.0;
				PRODUCT_BUNDLE_IDENTIFIER = com.krawmire.ProfitocracyTests;
				PRODUCT_NAME = "$(TARGET_NAME)";
				SWIFT_EMIT_LOC_STRINGS = NO;
				SWIFT_VERSION = 5.0;
				TARGETED_DEVICE_FAMILY = "1,2";
				TEST_HOST = "$(BUILT_PRODUCTS_DIR)/Profitocracy.app/$(BUNDLE_EXECUTABLE_FOLDER_PATH)/Profitocracy";
			};
			name = Debug;
		};
		97732FDB29F5282F00D5C2DE /* Release */ = {
			isa = XCBuildConfiguration;
			buildSettings = {
				ALWAYS_EMBED_SWIFT_STANDARD_LIBRARIES = YES;
				BUNDLE_LOADER = "$(TEST_HOST)";
				CODE_SIGN_STYLE = Automatic;
				CURRENT_PROJECT_VERSION = 1;
				DEVELOPMENT_TEAM = LLQT5AQ7W2;
				GENERATE_INFOPLIST_FILE = YES;
				IPHONEOS_DEPLOYMENT_TARGET = 16.4;
				MARKETING_VERSION = 1.0;
				PRODUCT_BUNDLE_IDENTIFIER = com.krawmire.ProfitocracyTests;
				PRODUCT_NAME = "$(TARGET_NAME)";
				SWIFT_EMIT_LOC_STRINGS = NO;
				SWIFT_VERSION = 5.0;
				TARGETED_DEVICE_FAMILY = "1,2";
				TEST_HOST = "$(BUILT_PRODUCTS_DIR)/Profitocracy.app/$(BUNDLE_EXECUTABLE_FOLDER_PATH)/Profitocracy";
			};
			name = Release;
		};
		97732FDD29F5282F00D5C2DE /* Debug */ = {
			isa = XCBuildConfiguration;
			buildSettings = {
				ALWAYS_EMBED_SWIFT_STANDARD_LIBRARIES = YES;
				CODE_SIGN_STYLE = Automatic;
				CURRENT_PROJECT_VERSION = 1;
				DEVELOPMENT_TEAM = LLQT5AQ7W2;
				GENERATE_INFOPLIST_FILE = YES;
				MARKETING_VERSION = 1.0;
				PRODUCT_BUNDLE_IDENTIFIER = com.krawmire.ProfitocracyUITests;
				PRODUCT_NAME = "$(TARGET_NAME)";
				SWIFT_EMIT_LOC_STRINGS = NO;
				SWIFT_VERSION = 5.0;
				TARGETED_DEVICE_FAMILY = "1,2";
				TEST_TARGET_NAME = Profitocracy;
			};
			name = Debug;
		};
		97732FDE29F5282F00D5C2DE /* Release */ = {
			isa = XCBuildConfiguration;
			buildSettings = {
				ALWAYS_EMBED_SWIFT_STANDARD_LIBRARIES = YES;
				CODE_SIGN_STYLE = Automatic;
				CURRENT_PROJECT_VERSION = 1;
				DEVELOPMENT_TEAM = LLQT5AQ7W2;
				GENERATE_INFOPLIST_FILE = YES;
				MARKETING_VERSION = 1.0;
				PRODUCT_BUNDLE_IDENTIFIER = com.krawmire.ProfitocracyUITests;
				PRODUCT_NAME = "$(TARGET_NAME)";
				SWIFT_EMIT_LOC_STRINGS = NO;
				SWIFT_VERSION = 5.0;
				TARGETED_DEVICE_FAMILY = "1,2";
				TEST_TARGET_NAME = Profitocracy;
			};
			name = Release;
		};
/* End XCBuildConfiguration section */

/* Begin XCConfigurationList section */
		97732FAD29F5282E00D5C2DE /* Build configuration list for PBXProject "Profitocracy" */ = {
			isa = XCConfigurationList;
			buildConfigurations = (
				97732FD429F5282F00D5C2DE /* Debug */,
				97732FD529F5282F00D5C2DE /* Release */,
			);
			defaultConfigurationIsVisible = 0;
			defaultConfigurationName = Release;
		};
		97732FD629F5282F00D5C2DE /* Build configuration list for PBXNativeTarget "Profitocracy" */ = {
			isa = XCConfigurationList;
			buildConfigurations = (
				97732FD729F5282F00D5C2DE /* Debug */,
				97732FD829F5282F00D5C2DE /* Release */,
			);
			defaultConfigurationIsVisible = 0;
			defaultConfigurationName = Release;
		};
		97732FD929F5282F00D5C2DE /* Build configuration list for PBXNativeTarget "ProfitocracyTests" */ = {
			isa = XCConfigurationList;
			buildConfigurations = (
				97732FDA29F5282F00D5C2DE /* Debug */,
				97732FDB29F5282F00D5C2DE /* Release */,
			);
			defaultConfigurationIsVisible = 0;
			defaultConfigurationName = Release;
		};
		97732FDC29F5282F00D5C2DE /* Build configuration list for PBXNativeTarget "ProfitocracyUITests" */ = {
			isa = XCConfigurationList;
			buildConfigurations = (
				97732FDD29F5282F00D5C2DE /* Debug */,
				97732FDE29F5282F00D5C2DE /* Release */,
			);
			defaultConfigurationIsVisible = 0;
			defaultConfigurationName = Release;
		};
/* End XCConfigurationList section */
	};
	rootObject = 97732FAA29F5282E00D5C2DE /* Project object */;
}
